// !$*UTF8*$!
{
	archiveVersion = 1;
	classes = {
	};
	objectVersion = 46;
	objects = {

/* Begin PBXBuildFile section */
		28073CB00FF9956600D2602B /* extract.tiff in Resources */ = {isa = PBXBuildFile; fileRef = 28073CAF0FF9956500D2602B /* extract.tiff */; };
		28073E610FFC347200D2602B /* QuickComic.qlgenerator in Copy Quicklook plugin */ = {isa = PBXBuildFile; fileRef = 28073E2F0FFC327700D2602B /* QuickComic.qlgenerator */; settings = {ATTRIBUTES = (CodeSignOnCopy, ); }; };
		2813145B0C0A7D5200EC007B /* Credits.rtf in Resources */ = {isa = PBXBuildFile; fileRef = 281314590C0A7D5200EC007B /* Credits.rtf */; };
		2813145E0C0A7D7900EC007B /* Localizable.strings in Resources */ = {isa = PBXBuildFile; fileRef = 2813145C0C0A7D7900EC007B /* Localizable.strings */; };
		281314830C0A7E4900EC007B /* InfoPlist.strings in Resources */ = {isa = PBXBuildFile; fileRef = 281314810C0A7E4900EC007B /* InfoPlist.strings */; };
		284348140DA95C4A00F602E2 /* XADMaster.framework in CopyFiles */ = {isa = PBXBuildFile; fileRef = 284348060DA95C4300F602E2 /* XADMaster.framework */; settings = {ATTRIBUTES = (CodeSignOnCopy, ); }; };
		284348CE0DA95C5300F602E2 /* XADMaster.framework in Frameworks */ = {isa = PBXBuildFile; fileRef = 284348060DA95C4300F602E2 /* XADMaster.framework */; };
		2851C5A00FC8651C002927E0 /* dsa_pub.pem in Resources */ = {isa = PBXBuildFile; fileRef = 2851C59F0FC8651C002927E0 /* dsa_pub.pem */; };
		285FE3300F945E2300CD8F96 /* Carbon.framework in Frameworks */ = {isa = PBXBuildFile; fileRef = 285FE32F0F945E2300CD8F96 /* Carbon.framework */; };
		286236020AADDB6200B83E77 /* QuartzCore.framework in Frameworks */ = {isa = PBXBuildFile; fileRef = 286236010AADDB6200B83E77 /* QuartzCore.framework */; };
		286AB66A1159838C0087BA97 /* quicklook.tiff in Resources */ = {isa = PBXBuildFile; fileRef = 286AB6691159838C0087BA97 /* quicklook.tiff */; };
		286AB6D8115C3CFA0087BA97 /* sc_icon.icns in Resources */ = {isa = PBXBuildFile; fileRef = 286AB6D7115C3CFA0087BA97 /* sc_icon.icns */; };
		287D0C1210F0595900207768 /* Sessions_DataModel.xcdatamodel in Sources */ = {isa = PBXBuildFile; fileRef = 770B37EC0679A11B001EADE2 /* Sessions_DataModel.xcdatamodel */; };
		288693010FED553A002C6BF7 /* 7z.icns in Resources */ = {isa = PBXBuildFile; fileRef = 288692FA0FED553A002C6BF7 /* 7z.icns */; };
		288693020FED553A002C6BF7 /* cbr.icns in Resources */ = {isa = PBXBuildFile; fileRef = 288692FB0FED553A002C6BF7 /* cbr.icns */; };
		288693030FED553A002C6BF7 /* cbz.icns in Resources */ = {isa = PBXBuildFile; fileRef = 288692FC0FED553A002C6BF7 /* cbz.icns */; };
		288693040FED553A002C6BF7 /* lzh.icns in Resources */ = {isa = PBXBuildFile; fileRef = 288692FD0FED553A002C6BF7 /* lzh.icns */; };
		288693050FED553A002C6BF7 /* rar.icns in Resources */ = {isa = PBXBuildFile; fileRef = 288692FE0FED553A002C6BF7 /* rar.icns */; };
		288693070FED553A002C6BF7 /* zip.icns in Resources */ = {isa = PBXBuildFile; fileRef = 288693000FED553A002C6BF7 /* zip.icns */; };
		2886931D0FED554E002C6BF7 /* Loupe.tiff in Resources */ = {isa = PBXBuildFile; fileRef = 2886930A0FED554E002C6BF7 /* Loupe.tiff */; };
		288693210FED554E002C6BF7 /* equal.tiff in Resources */ = {isa = PBXBuildFile; fileRef = 2886930E0FED554E002C6BF7 /* equal.tiff */; };
		288693230FED554E002C6BF7 /* hor_scale.tiff in Resources */ = {isa = PBXBuildFile; fileRef = 288693100FED554E002C6BF7 /* hor_scale.tiff */; };
		288693240FED554E002C6BF7 /* lr_order.tiff in Resources */ = {isa = PBXBuildFile; fileRef = 288693110FED554E002C6BF7 /* lr_order.tiff */; };
		288693250FED554E002C6BF7 /* one_page.tiff in Resources */ = {isa = PBXBuildFile; fileRef = 288693120FED554E002C6BF7 /* one_page.tiff */; };
		288693260FED554E002C6BF7 /* org_size.tiff in Resources */ = {isa = PBXBuildFile; fileRef = 288693130FED554E002C6BF7 /* org_size.tiff */; };
		288693290FED554E002C6BF7 /* rl_order.tiff in Resources */ = {isa = PBXBuildFile; fileRef = 288693160FED554E002C6BF7 /* rl_order.tiff */; };
		2886932A0FED554E002C6BF7 /* rotate_l.tiff in Resources */ = {isa = PBXBuildFile; fileRef = 288693170FED554E002C6BF7 /* rotate_l.tiff */; };
		2886932B0FED554E002C6BF7 /* rotate_r.tiff in Resources */ = {isa = PBXBuildFile; fileRef = 288693180FED554E002C6BF7 /* rotate_r.tiff */; };
		2886932C0FED554E002C6BF7 /* thumbnails.tiff in Resources */ = {isa = PBXBuildFile; fileRef = 288693190FED554E002C6BF7 /* thumbnails.tiff */; };
		2886932D0FED554E002C6BF7 /* two_page.tiff in Resources */ = {isa = PBXBuildFile; fileRef = 2886931A0FED554E002C6BF7 /* two_page.tiff */; };
		2886932E0FED554E002C6BF7 /* win_scale.tiff in Resources */ = {isa = PBXBuildFile; fileRef = 2886931B0FED554E002C6BF7 /* win_scale.tiff */; };
		28A2660A1285C34300ED6391 /* Preferences.xib in Resources */ = {isa = PBXBuildFile; fileRef = 28A266081285C34300ED6391 /* Preferences.xib */; };
		28A2660E1285C35700ED6391 /* MainMenu.xib in Resources */ = {isa = PBXBuildFile; fileRef = 28A2660C1285C35700ED6391 /* MainMenu.xib */; };
		28A266161285C3A700ED6391 /* TSSTSessionWindow.xib in Resources */ = {isa = PBXBuildFile; fileRef = 28A266141285C3A700ED6391 /* TSSTSessionWindow.xib */; };
		28BD08E60C9836E600BD7EAF /* Quartz.framework in Frameworks */ = {isa = PBXBuildFile; fileRef = 28BD08E50C9836E600BD7EAF /* Quartz.framework */; };
		28C1D5600DF1FE37003392B4 /* QuickLook.framework in Frameworks */ = {isa = PBXBuildFile; fileRef = 28C1D55F0DF1FE37003392B4 /* QuickLook.framework */; };
		28F660461067255600EC8A34 /* Help in Resources */ = {isa = PBXBuildFile; fileRef = 28F6603B1067255600EC8A34 /* Help */; };
		5207FA712430E5E600FB5D4B /* SessionWindowController.swift in Sources */ = {isa = PBXBuildFile; fileRef = 5207FA702430E5E600FB5D4B /* SessionWindowController.swift */; };
		5207FA74243378C800FB5D4B /* CGSize+SimpleComic.swift in Sources */ = {isa = PBXBuildFile; fileRef = 5207FA73243378C800FB5D4B /* CGSize+SimpleComic.swift */; };
		5207FA762434CD9600FB5D4B /* UserDefaults+SimpleComic.swift in Sources */ = {isa = PBXBuildFile; fileRef = 5207FA752434CD9600FB5D4B /* UserDefaults+SimpleComic.swift */; };
		523B8EB8243CC9AC002E9138 /* ImagePack.swift in Sources */ = {isa = PBXBuildFile; fileRef = 523B8EB7243CC9AC002E9138 /* ImagePack.swift */; };
		523B8EBA243E0551002E9138 /* CancellableBlockOperation.swift in Sources */ = {isa = PBXBuildFile; fileRef = 523B8EB9243E0551002E9138 /* CancellableBlockOperation.swift */; };
		523B8EBC243E3B41002E9138 /* CGRect+SimpleComic.swift in Sources */ = {isa = PBXBuildFile; fileRef = 523B8EBB243E3B41002E9138 /* CGRect+SimpleComic.swift */; };
		523B8EBE243F8C2A002E9138 /* Orientation.swift in Sources */ = {isa = PBXBuildFile; fileRef = 523B8EBD243F8C2A002E9138 /* Orientation.swift */; };
		523B8EC0243F8C55002E9138 /* OrthogonalRotation.swift in Sources */ = {isa = PBXBuildFile; fileRef = 523B8EBF243F8C55002E9138 /* OrthogonalRotation.swift */; };
		526119102427438F00958E3F /* ImageView.swift in Sources */ = {isa = PBXBuildFile; fileRef = 5261190F2427438F00958E3F /* ImageView.swift */; };
		52611912242759FA00958E3F /* InfoWindow.swift in Sources */ = {isa = PBXBuildFile; fileRef = 52611911242759FA00958E3F /* InfoWindow.swift */; };
		526119142427756400958E3F /* PolishedProgressBar.swift in Sources */ = {isa = PBXBuildFile; fileRef = 526119132427756400958E3F /* PolishedProgressBar.swift */; };
		5261191624279D1000958E3F /* ThumbnailView.swift in Sources */ = {isa = PBXBuildFile; fileRef = 5261191524279D1000958E3F /* ThumbnailView.swift */; };
		5261192A2427DFB800958E3F /* Image+CoreDataClass.swift in Sources */ = {isa = PBXBuildFile; fileRef = 526119282427DFB800958E3F /* Image+CoreDataClass.swift */; };
		5261192B2427DFB800958E3F /* Image+CoreDataProperties.swift in Sources */ = {isa = PBXBuildFile; fileRef = 526119292427DFB800958E3F /* Image+CoreDataProperties.swift */; };
		526119302428CC8600958E3F /* ImageGroup+CoreDataClass.swift in Sources */ = {isa = PBXBuildFile; fileRef = 5261192E2428CC8600958E3F /* ImageGroup+CoreDataClass.swift */; };
		526119312428CC8600958E3F /* ImageGroup+CoreDataProperties.swift in Sources */ = {isa = PBXBuildFile; fileRef = 5261192F2428CC8600958E3F /* ImageGroup+CoreDataProperties.swift */; };
		5261193C242911BC00958E3F /* Archive+CoreDataClass.swift in Sources */ = {isa = PBXBuildFile; fileRef = 52611938242911BC00958E3F /* Archive+CoreDataClass.swift */; };
		5261193D242911BC00958E3F /* Archive+CoreDataProperties.swift in Sources */ = {isa = PBXBuildFile; fileRef = 52611939242911BC00958E3F /* Archive+CoreDataProperties.swift */; };
		5261193E242911BC00958E3F /* PDF+CoreDataClass.swift in Sources */ = {isa = PBXBuildFile; fileRef = 5261193A242911BC00958E3F /* PDF+CoreDataClass.swift */; };
		5261193F242911BC00958E3F /* PDF+CoreDataProperties.swift in Sources */ = {isa = PBXBuildFile; fileRef = 5261193B242911BC00958E3F /* PDF+CoreDataProperties.swift */; };
		52611942242A406500958E3F /* Session+CoreDataClass.swift in Sources */ = {isa = PBXBuildFile; fileRef = 52611940242A406500958E3F /* Session+CoreDataClass.swift */; };
		52611943242A406500958E3F /* Session+CoreDataProperties.swift in Sources */ = {isa = PBXBuildFile; fileRef = 52611941242A406500958E3F /* Session+CoreDataProperties.swift */; };
		52611945242A434200958E3F /* NSWindow+SimpleComic.swift in Sources */ = {isa = PBXBuildFile; fileRef = 52611944242A434200958E3F /* NSWindow+SimpleComic.swift */; };
		52611947242A44CF00958E3F /* ToolbarItem.swift in Sources */ = {isa = PBXBuildFile; fileRef = 52611946242A44CF00958E3F /* ToolbarItem.swift */; };
		52611949242A48A900958E3F /* PageView.swift in Sources */ = {isa = PBXBuildFile; fileRef = 52611948242A48A900958E3F /* PageView.swift */; };
		5271A80C2447390000395F0F /* ThumbnailPopup.swift in Sources */ = {isa = PBXBuildFile; fileRef = 5271A80B2447390000395F0F /* ThumbnailPopup.swift */; };
		5271A80F2448AB2D00395F0F /* CGVector+SimpleComic.swift in Sources */ = {isa = PBXBuildFile; fileRef = 5271A80E2448AB2D00395F0F /* CGVector+SimpleComic.swift */; };
		529C1B8C2440A4B400574BC0 /* BezelWindow.swift in Sources */ = {isa = PBXBuildFile; fileRef = 529C1B8B2440A4B400574BC0 /* BezelWindow.swift */; };
		529C1B8E2440A6CD00574BC0 /* KeyWindow.swift in Sources */ = {isa = PBXBuildFile; fileRef = 529C1B8D2440A6CD00574BC0 /* KeyWindow.swift */; };
		529C1B922441829200574BC0 /* ColorTransformer.swift in Sources */ = {isa = PBXBuildFile; fileRef = 529C1B912441829200574BC0 /* ColorTransformer.swift */; };
		529C1B942441BA5C00574BC0 /* SessionWindowController+SimpleComicAction.swift in Sources */ = {isa = PBXBuildFile; fileRef = 529C1B932441BA5C00574BC0 /* SessionWindowController+SimpleComicAction.swift */; };
		52B4DD1A242BCA1D00B94227 /* Comparable+SimpleComic.swift in Sources */ = {isa = PBXBuildFile; fileRef = 52B4DD19242BCA1D00B94227 /* Comparable+SimpleComic.swift */; };
		52F52C77242E4C080020D911 /* Configuration.swift in Sources */ = {isa = PBXBuildFile; fileRef = 52F52C76242E4C080020D911 /* Configuration.swift */; };
		52F52C79242E5F270020D911 /* SimpleComicAppDelegate.swift in Sources */ = {isa = PBXBuildFile; fileRef = 52F52C78242E5F270020D911 /* SimpleComicAppDelegate.swift */; };
		8D11072D0486CEB800E47090 /* main.m in Sources */ = {isa = PBXBuildFile; fileRef = 29B97316FDCFA39411CA2CEA /* main.m */; settings = {ATTRIBUTES = (); }; };
		8D11072F0486CEB800E47090 /* Cocoa.framework in Frameworks */ = {isa = PBXBuildFile; fileRef = 1058C7A1FEA54F0111CA2CBB /* Cocoa.framework */; };
		B75D0BBC1E4C1AD900BEAAAF /* images.xcassets in Resources */ = {isa = PBXBuildFile; fileRef = B75D0BBB1E4C1AD900BEAAAF /* images.xcassets */; };
/* End PBXBuildFile section */

/* Begin PBXContainerItemProxy section */
		28073E2E0FFC327700D2602B /* PBXContainerItemProxy */ = {
			isa = PBXContainerItemProxy;
			containerPortal = 28073DE20FFC2F8B00D2602B /* QuickComic.xcodeproj */;
			proxyType = 2;
			remoteGlobalIDString = 8D576316048677EA00EA77CD;
			remoteInfo = QuickComic;
		};
		283637F2100A9C16004D9131 /* PBXContainerItemProxy */ = {
			isa = PBXContainerItemProxy;
			containerPortal = 28073DE20FFC2F8B00D2602B /* QuickComic.xcodeproj */;
			proxyType = 1;
			remoteGlobalIDString = 8D57630D048677EA00EA77CD;
			remoteInfo = QuickComic;
		};
/* End PBXContainerItemProxy section */

/* Begin PBXCopyFilesBuildPhase section */
		28073E0A0FFC305400D2602B /* Copy Quicklook plugin */ = {
			isa = PBXCopyFilesBuildPhase;
			buildActionMask = 2147483647;
			dstPath = Contents/Library/QuickLook;
			dstSubfolderSpec = 1;
			files = (
				28073E610FFC347200D2602B /* QuickComic.qlgenerator in Copy Quicklook plugin */,
			);
			name = "Copy Quicklook plugin";
			runOnlyForDeploymentPostprocessing = 0;
		};
		280B6BBA0A1BB34600EE91B0 /* CopyFiles */ = {
			isa = PBXCopyFilesBuildPhase;
			buildActionMask = 2147483647;
			dstPath = "";
			dstSubfolderSpec = 10;
			files = (
				284348140DA95C4A00F602E2 /* XADMaster.framework in CopyFiles */,
			);
			runOnlyForDeploymentPostprocessing = 0;
		};
		28FD56E41224663D006AEB0F /* CopyFiles */ = {
			isa = PBXCopyFilesBuildPhase;
			buildActionMask = 2147483647;
			dstPath = "";
			dstSubfolderSpec = 7;
			files = (
			);
			runOnlyForDeploymentPostprocessing = 0;
		};
/* End PBXCopyFilesBuildPhase section */

/* Begin PBXFileReference section */
		1058C7A1FEA54F0111CA2CBB /* Cocoa.framework */ = {isa = PBXFileReference; lastKnownFileType = wrapper.framework; name = Cocoa.framework; path = /System/Library/Frameworks/Cocoa.framework; sourceTree = "<absolute>"; };
		28073CAF0FF9956500D2602B /* extract.tiff */ = {isa = PBXFileReference; lastKnownFileType = image.tiff; path = extract.tiff; sourceTree = "<group>"; };
		28073DAF0FFB0EED00D2602B /* icon.tiff */ = {isa = PBXFileReference; lastKnownFileType = image.tiff; path = icon.tiff; sourceTree = "<group>"; };
		28073DE20FFC2F8B00D2602B /* QuickComic.xcodeproj */ = {isa = PBXFileReference; lastKnownFileType = "wrapper.pb-project"; name = QuickComic.xcodeproj; path = QuickComic/QuickComic.xcodeproj; sourceTree = "<group>"; };
		28195B410C166DF5001F5E95 /* Info.plist */ = {isa = PBXFileReference; fileEncoding = 30; lastKnownFileType = text.plist.xml; path = Info.plist; sourceTree = "<group>"; };
		284348060DA95C4300F602E2 /* XADMaster.framework */ = {isa = PBXFileReference; lastKnownFileType = wrapper.framework; name = XADMaster.framework; path = Frameworks/XADMaster.framework; sourceTree = "<group>"; };
		2851C59F0FC8651C002927E0 /* dsa_pub.pem */ = {isa = PBXFileReference; fileEncoding = 4; lastKnownFileType = text; path = dsa_pub.pem; sourceTree = "<group>"; };
		285FE32F0F945E2300CD8F96 /* Carbon.framework */ = {isa = PBXFileReference; lastKnownFileType = wrapper.framework; name = Carbon.framework; path = /System/Library/Frameworks/Carbon.framework; sourceTree = "<absolute>"; };
		286236010AADDB6200B83E77 /* QuartzCore.framework */ = {isa = PBXFileReference; lastKnownFileType = wrapper.framework; name = QuartzCore.framework; path = /System/Library/Frameworks/QuartzCore.framework; sourceTree = "<absolute>"; };
		286AB6691159838C0087BA97 /* quicklook.tiff */ = {isa = PBXFileReference; lastKnownFileType = image.tiff; path = quicklook.tiff; sourceTree = "<group>"; };
		286AB6D7115C3CFA0087BA97 /* sc_icon.icns */ = {isa = PBXFileReference; lastKnownFileType = image.icns; path = sc_icon.icns; sourceTree = "<group>"; };
		288692FA0FED553A002C6BF7 /* 7z.icns */ = {isa = PBXFileReference; lastKnownFileType = image.icns; path = 7z.icns; sourceTree = "<group>"; };
		288692FB0FED553A002C6BF7 /* cbr.icns */ = {isa = PBXFileReference; lastKnownFileType = image.icns; path = cbr.icns; sourceTree = "<group>"; };
		288692FC0FED553A002C6BF7 /* cbz.icns */ = {isa = PBXFileReference; lastKnownFileType = image.icns; path = cbz.icns; sourceTree = "<group>"; };
		288692FD0FED553A002C6BF7 /* lzh.icns */ = {isa = PBXFileReference; lastKnownFileType = image.icns; path = lzh.icns; sourceTree = "<group>"; };
		288692FE0FED553A002C6BF7 /* rar.icns */ = {isa = PBXFileReference; lastKnownFileType = image.icns; path = rar.icns; sourceTree = "<group>"; };
		288693000FED553A002C6BF7 /* zip.icns */ = {isa = PBXFileReference; lastKnownFileType = image.icns; path = zip.icns; sourceTree = "<group>"; };
		2886930A0FED554E002C6BF7 /* Loupe.tiff */ = {isa = PBXFileReference; lastKnownFileType = image.tiff; path = Loupe.tiff; sourceTree = "<group>"; };
		2886930B0FED554E002C6BF7 /* Search.pdf */ = {isa = PBXFileReference; lastKnownFileType = image.pdf; path = Search.pdf; sourceTree = "<group>"; };
		2886930E0FED554E002C6BF7 /* equal.tiff */ = {isa = PBXFileReference; lastKnownFileType = image.tiff; path = equal.tiff; sourceTree = "<group>"; };
		2886930F0FED554E002C6BF7 /* fullscreen.tiff */ = {isa = PBXFileReference; lastKnownFileType = image.tiff; path = fullscreen.tiff; sourceTree = "<group>"; };
		288693100FED554E002C6BF7 /* hor_scale.tiff */ = {isa = PBXFileReference; lastKnownFileType = image.tiff; path = hor_scale.tiff; sourceTree = "<group>"; };
		288693110FED554E002C6BF7 /* lr_order.tiff */ = {isa = PBXFileReference; lastKnownFileType = image.tiff; path = lr_order.tiff; sourceTree = "<group>"; };
		288693120FED554E002C6BF7 /* one_page.tiff */ = {isa = PBXFileReference; lastKnownFileType = image.tiff; path = one_page.tiff; sourceTree = "<group>"; };
		288693130FED554E002C6BF7 /* org_size.tiff */ = {isa = PBXFileReference; lastKnownFileType = image.tiff; path = org_size.tiff; sourceTree = "<group>"; };
		288693160FED554E002C6BF7 /* rl_order.tiff */ = {isa = PBXFileReference; lastKnownFileType = image.tiff; path = rl_order.tiff; sourceTree = "<group>"; };
		288693170FED554E002C6BF7 /* rotate_l.tiff */ = {isa = PBXFileReference; lastKnownFileType = image.tiff; path = rotate_l.tiff; sourceTree = "<group>"; };
		288693180FED554E002C6BF7 /* rotate_r.tiff */ = {isa = PBXFileReference; lastKnownFileType = image.tiff; path = rotate_r.tiff; sourceTree = "<group>"; };
		288693190FED554E002C6BF7 /* thumbnails.tiff */ = {isa = PBXFileReference; lastKnownFileType = image.tiff; path = thumbnails.tiff; sourceTree = "<group>"; };
		2886931A0FED554E002C6BF7 /* two_page.tiff */ = {isa = PBXFileReference; lastKnownFileType = image.tiff; path = two_page.tiff; sourceTree = "<group>"; };
		2886931B0FED554E002C6BF7 /* win_scale.tiff */ = {isa = PBXFileReference; lastKnownFileType = image.tiff; path = win_scale.tiff; sourceTree = "<group>"; };
		28BD08E50C9836E600BD7EAF /* Quartz.framework */ = {isa = PBXFileReference; lastKnownFileType = wrapper.framework; name = Quartz.framework; path = /System/Library/Frameworks/Quartz.framework; sourceTree = "<absolute>"; };
		28C1D55F0DF1FE37003392B4 /* QuickLook.framework */ = {isa = PBXFileReference; lastKnownFileType = wrapper.framework; name = QuickLook.framework; path = /System/Library/Frameworks/QuickLook.framework; sourceTree = "<absolute>"; };
		29B97316FDCFA39411CA2CEA /* main.m */ = {isa = PBXFileReference; fileEncoding = 4; lastKnownFileType = sourcecode.c.objc; path = main.m; sourceTree = "<group>"; };
		29B97324FDCFA39411CA2CEA /* AppKit.framework */ = {isa = PBXFileReference; lastKnownFileType = wrapper.framework; name = AppKit.framework; path = /System/Library/Frameworks/AppKit.framework; sourceTree = "<absolute>"; };
		29B97325FDCFA39411CA2CEA /* Foundation.framework */ = {isa = PBXFileReference; lastKnownFileType = wrapper.framework; name = Foundation.framework; path = /System/Library/Frameworks/Foundation.framework; sourceTree = "<absolute>"; };
		32CA4F630368D1EE00C91783 /* SimpleComic_Prefix.pch */ = {isa = PBXFileReference; fileEncoding = 4; lastKnownFileType = sourcecode.c.h; path = SimpleComic_Prefix.pch; sourceTree = "<group>"; };
		5207FA702430E5E600FB5D4B /* SessionWindowController.swift */ = {isa = PBXFileReference; lastKnownFileType = sourcecode.swift; name = SessionWindowController.swift; path = Session/SessionWindowController.swift; sourceTree = "<group>"; };
		5207FA73243378C800FB5D4B /* CGSize+SimpleComic.swift */ = {isa = PBXFileReference; lastKnownFileType = sourcecode.swift; path = "CGSize+SimpleComic.swift"; sourceTree = "<group>"; };
		5207FA752434CD9600FB5D4B /* UserDefaults+SimpleComic.swift */ = {isa = PBXFileReference; lastKnownFileType = sourcecode.swift; path = "UserDefaults+SimpleComic.swift"; sourceTree = "<group>"; };
		523B8EB7243CC9AC002E9138 /* ImagePack.swift */ = {isa = PBXFileReference; lastKnownFileType = sourcecode.swift; path = ImagePack.swift; sourceTree = "<group>"; };
		523B8EB9243E0551002E9138 /* CancellableBlockOperation.swift */ = {isa = PBXFileReference; lastKnownFileType = sourcecode.swift; path = CancellableBlockOperation.swift; sourceTree = "<group>"; };
		523B8EBB243E3B41002E9138 /* CGRect+SimpleComic.swift */ = {isa = PBXFileReference; lastKnownFileType = sourcecode.swift; path = "CGRect+SimpleComic.swift"; sourceTree = "<group>"; };
		523B8EBD243F8C2A002E9138 /* Orientation.swift */ = {isa = PBXFileReference; lastKnownFileType = sourcecode.swift; path = Orientation.swift; sourceTree = "<group>"; };
		523B8EBF243F8C55002E9138 /* OrthogonalRotation.swift */ = {isa = PBXFileReference; lastKnownFileType = sourcecode.swift; path = OrthogonalRotation.swift; sourceTree = "<group>"; };
		526119012426832000958E3F /* Simple Comic-Bridging-Header.h */ = {isa = PBXFileReference; lastKnownFileType = sourcecode.c.h; path = "Simple Comic-Bridging-Header.h"; sourceTree = "<group>"; };
		526119052427247D00958E3F /* en */ = {isa = PBXFileReference; lastKnownFileType = text.rtf; name = en; path = en.lproj/Credits.rtf; sourceTree = "<group>"; };
		526119062427247D00958E3F /* en */ = {isa = PBXFileReference; lastKnownFileType = folder; name = en; path = en.lproj/Help; sourceTree = "<group>"; };
		526119072427247D00958E3F /* en */ = {isa = PBXFileReference; lastKnownFileType = text.plist.strings; name = en; path = en.lproj/InfoPlist.strings; sourceTree = "<group>"; };
		526119082427247D00958E3F /* en */ = {isa = PBXFileReference; lastKnownFileType = text.plist.strings; name = en; path = en.lproj/Localizable.strings; sourceTree = "<group>"; };
		5261190C2427248F00958E3F /* Base */ = {isa = PBXFileReference; lastKnownFileType = file.xib; name = Base; path = Base.lproj/Preferences.xib; sourceTree = "<group>"; };
		5261190D2427248F00958E3F /* Base */ = {isa = PBXFileReference; lastKnownFileType = file.xib; name = Base; path = Base.lproj/MainMenu.xib; sourceTree = "<group>"; };
		5261190E2427248F00958E3F /* Base */ = {isa = PBXFileReference; lastKnownFileType = file.xib; name = Base; path = Base.lproj/TSSTSessionWindow.xib; sourceTree = "<group>"; };
		5261190F2427438F00958E3F /* ImageView.swift */ = {isa = PBXFileReference; lastKnownFileType = sourcecode.swift; name = ImageView.swift; path = "Progress Bar/ImageView.swift"; sourceTree = "<group>"; };
		52611911242759FA00958E3F /* InfoWindow.swift */ = {isa = PBXFileReference; lastKnownFileType = sourcecode.swift; path = InfoWindow.swift; sourceTree = "<group>"; };
		526119132427756400958E3F /* PolishedProgressBar.swift */ = {isa = PBXFileReference; lastKnownFileType = sourcecode.swift; name = PolishedProgressBar.swift; path = "Progress Bar/PolishedProgressBar.swift"; sourceTree = "<group>"; };
		5261191524279D1000958E3F /* ThumbnailView.swift */ = {isa = PBXFileReference; lastKnownFileType = sourcecode.swift; name = ThumbnailView.swift; path = Session/ThumbnailView.swift; sourceTree = "<group>"; };
		526119282427DFB800958E3F /* Image+CoreDataClass.swift */ = {isa = PBXFileReference; lastKnownFileType = sourcecode.swift; path = "Image+CoreDataClass.swift"; sourceTree = "<group>"; };
		526119292427DFB800958E3F /* Image+CoreDataProperties.swift */ = {isa = PBXFileReference; lastKnownFileType = sourcecode.swift; path = "Image+CoreDataProperties.swift"; sourceTree = "<group>"; };
		5261192E2428CC8600958E3F /* ImageGroup+CoreDataClass.swift */ = {isa = PBXFileReference; lastKnownFileType = sourcecode.swift; path = "ImageGroup+CoreDataClass.swift"; sourceTree = "<group>"; };
		5261192F2428CC8600958E3F /* ImageGroup+CoreDataProperties.swift */ = {isa = PBXFileReference; lastKnownFileType = sourcecode.swift; path = "ImageGroup+CoreDataProperties.swift"; sourceTree = "<group>"; };
		52611938242911BC00958E3F /* Archive+CoreDataClass.swift */ = {isa = PBXFileReference; lastKnownFileType = sourcecode.swift; path = "Archive+CoreDataClass.swift"; sourceTree = "<group>"; };
		52611939242911BC00958E3F /* Archive+CoreDataProperties.swift */ = {isa = PBXFileReference; lastKnownFileType = sourcecode.swift; path = "Archive+CoreDataProperties.swift"; sourceTree = "<group>"; };
		5261193A242911BC00958E3F /* PDF+CoreDataClass.swift */ = {isa = PBXFileReference; lastKnownFileType = sourcecode.swift; path = "PDF+CoreDataClass.swift"; sourceTree = "<group>"; };
		5261193B242911BC00958E3F /* PDF+CoreDataProperties.swift */ = {isa = PBXFileReference; lastKnownFileType = sourcecode.swift; path = "PDF+CoreDataProperties.swift"; sourceTree = "<group>"; };
		52611940242A406500958E3F /* Session+CoreDataClass.swift */ = {isa = PBXFileReference; lastKnownFileType = sourcecode.swift; path = "Session+CoreDataClass.swift"; sourceTree = "<group>"; };
		52611941242A406500958E3F /* Session+CoreDataProperties.swift */ = {isa = PBXFileReference; lastKnownFileType = sourcecode.swift; path = "Session+CoreDataProperties.swift"; sourceTree = "<group>"; };
		52611944242A434200958E3F /* NSWindow+SimpleComic.swift */ = {isa = PBXFileReference; lastKnownFileType = sourcecode.swift; path = "NSWindow+SimpleComic.swift"; sourceTree = "<group>"; };
		52611946242A44CF00958E3F /* ToolbarItem.swift */ = {isa = PBXFileReference; lastKnownFileType = sourcecode.swift; name = ToolbarItem.swift; path = Session/ToolbarItem.swift; sourceTree = "<group>"; };
		52611948242A48A900958E3F /* PageView.swift */ = {isa = PBXFileReference; lastKnownFileType = sourcecode.swift; name = PageView.swift; path = Session/PageView.swift; sourceTree = "<group>"; };
		5271A80B2447390000395F0F /* ThumbnailPopup.swift */ = {isa = PBXFileReference; lastKnownFileType = sourcecode.swift; path = ThumbnailPopup.swift; sourceTree = "<group>"; };
		5271A80E2448AB2D00395F0F /* CGVector+SimpleComic.swift */ = {isa = PBXFileReference; lastKnownFileType = sourcecode.swift; path = "CGVector+SimpleComic.swift"; sourceTree = "<group>"; };
		529C1B8B2440A4B400574BC0 /* BezelWindow.swift */ = {isa = PBXFileReference; lastKnownFileType = sourcecode.swift; name = BezelWindow.swift; path = "Custom Windows/Fullscreen/BezelWindow.swift"; sourceTree = "<group>"; };
		529C1B8D2440A6CD00574BC0 /* KeyWindow.swift */ = {isa = PBXFileReference; lastKnownFileType = sourcecode.swift; name = KeyWindow.swift; path = "Custom Windows/Fullscreen/KeyWindow.swift"; sourceTree = "<group>"; };
		529C1B912441829200574BC0 /* ColorTransformer.swift */ = {isa = PBXFileReference; lastKnownFileType = sourcecode.swift; path = ColorTransformer.swift; sourceTree = "<group>"; };
		529C1B932441BA5C00574BC0 /* SessionWindowController+SimpleComicAction.swift */ = {isa = PBXFileReference; lastKnownFileType = sourcecode.swift; path = "SessionWindowController+SimpleComicAction.swift"; sourceTree = "<group>"; };
		52B4DD19242BCA1D00B94227 /* Comparable+SimpleComic.swift */ = {isa = PBXFileReference; lastKnownFileType = sourcecode.swift; path = "Comparable+SimpleComic.swift"; sourceTree = "<group>"; };
		52F52C76242E4C080020D911 /* Configuration.swift */ = {isa = PBXFileReference; lastKnownFileType = sourcecode.swift; path = Configuration.swift; sourceTree = "<group>"; };
		52F52C78242E5F270020D911 /* SimpleComicAppDelegate.swift */ = {isa = PBXFileReference; lastKnownFileType = sourcecode.swift; path = SimpleComicAppDelegate.swift; sourceTree = "<group>"; };
		770B37EC0679A11B001EADE2 /* Sessions_DataModel.xcdatamodel */ = {isa = PBXFileReference; fileEncoding = 4; lastKnownFileType = wrapper.xcdatamodel; path = Sessions_DataModel.xcdatamodel; sourceTree = "<group>"; };
		77C82804067257F0000B614F /* CoreData.framework */ = {isa = PBXFileReference; lastKnownFileType = wrapper.framework; name = CoreData.framework; path = /System/Library/Frameworks/CoreData.framework; sourceTree = "<absolute>"; };
		8D1107320486CEB800E47090 /* Simple Comic.app */ = {isa = PBXFileReference; explicitFileType = wrapper.application; includeInIndex = 0; path = "Simple Comic.app"; sourceTree = BUILT_PRODUCTS_DIR; };
		B75D0BBB1E4C1AD900BEAAAF /* images.xcassets */ = {isa = PBXFileReference; lastKnownFileType = folder.assetcatalog; path = images.xcassets; sourceTree = "<group>"; };
/* End PBXFileReference section */

/* Begin PBXFrameworksBuildPhase section */
		8D11072E0486CEB800E47090 /* Frameworks */ = {
			isa = PBXFrameworksBuildPhase;
			buildActionMask = 2147483647;
			files = (
				284348CE0DA95C5300F602E2 /* XADMaster.framework in Frameworks */,
				8D11072F0486CEB800E47090 /* Cocoa.framework in Frameworks */,
				286236020AADDB6200B83E77 /* QuartzCore.framework in Frameworks */,
				28BD08E60C9836E600BD7EAF /* Quartz.framework in Frameworks */,
				28C1D5600DF1FE37003392B4 /* QuickLook.framework in Frameworks */,
				285FE3300F945E2300CD8F96 /* Carbon.framework in Frameworks */,
			);
			runOnlyForDeploymentPostprocessing = 0;
		};
/* End PBXFrameworksBuildPhase section */

/* Begin PBXGroup section */
		080E96DDFE201D6D7F000001 /* Classes */ = {
			isa = PBXGroup;
			children = (
				52F52C78242E5F270020D911 /* SimpleComicAppDelegate.swift */,
				526119012426832000958E3F /* Simple Comic-Bridging-Header.h */,
				FAA1C3E808BAB158006F7EC4 /* Session */,
				288C0C420DCDAB7200EAFF46 /* Thumbnail View */,
				289CD7620BF15CCC00B5AE01 /* Progress Bar */,
				28195CFA0C179DBD001F5E95 /* Fullscreen */,
				28FA4DD50B8A6F3B00496668 /* Managed Objects */,
				281C0DC40CEEA16D009A9696 /* Helpers */,
			);
			name = Classes;
			sourceTree = "<group>";
		};
		1058C7A0FEA54F0111CA2CBB /* Linked Frameworks */ = {
			isa = PBXGroup;
			children = (
				285FE32F0F945E2300CD8F96 /* Carbon.framework */,
				28C1D55F0DF1FE37003392B4 /* QuickLook.framework */,
				28BD08E50C9836E600BD7EAF /* Quartz.framework */,
				286236010AADDB6200B83E77 /* QuartzCore.framework */,
				1058C7A1FEA54F0111CA2CBB /* Cocoa.framework */,
			);
			name = "Linked Frameworks";
			sourceTree = "<group>";
		};
		1058C7A2FEA54F0111CA2CBB /* Other Frameworks */ = {
			isa = PBXGroup;
			children = (
				284348060DA95C4300F602E2 /* XADMaster.framework */,
				77C82804067257F0000B614F /* CoreData.framework */,
				29B97325FDCFA39411CA2CEA /* Foundation.framework */,
				29B97324FDCFA39411CA2CEA /* AppKit.framework */,
			);
			name = "Other Frameworks";
			sourceTree = "<group>";
		};
		19C28FACFE9D520D11CA2CBB /* Products */ = {
			isa = PBXGroup;
			children = (
				8D1107320486CEB800E47090 /* Simple Comic.app */,
			);
			name = Products;
			sourceTree = "<group>";
		};
		28073E2B0FFC327700D2602B /* Products */ = {
			isa = PBXGroup;
			children = (
				28073E2F0FFC327700D2602B /* QuickComic.qlgenerator */,
			);
			name = Products;
			sourceTree = "<group>";
		};
		28195CFA0C179DBD001F5E95 /* Fullscreen */ = {
			isa = PBXGroup;
			children = (
				529C1B8B2440A4B400574BC0 /* BezelWindow.swift */,
				529C1B8D2440A6CD00574BC0 /* KeyWindow.swift */,
			);
			name = Fullscreen;
			sourceTree = "<group>";
		};
		281C0DC40CEEA16D009A9696 /* Helpers */ = {
			isa = PBXGroup;
			children = (
				523B8EB9243E0551002E9138 /* CancellableBlockOperation.swift */,
				523B8EBB243E3B41002E9138 /* CGRect+SimpleComic.swift */,
				5207FA73243378C800FB5D4B /* CGSize+SimpleComic.swift */,
				529C1B912441829200574BC0 /* ColorTransformer.swift */,
				52B4DD19242BCA1D00B94227 /* Comparable+SimpleComic.swift */,
				52F52C76242E4C080020D911 /* Configuration.swift */,
				523B8EBD243F8C2A002E9138 /* Orientation.swift */,
				523B8EBF243F8C55002E9138 /* OrthogonalRotation.swift */,
				5207FA752434CD9600FB5D4B /* UserDefaults+SimpleComic.swift */,
				5271A80E2448AB2D00395F0F /* CGVector+SimpleComic.swift */,
			);
			path = Helpers;
			sourceTree = "<group>";
		};
		288692F90FED553A002C6BF7 /* icons */ = {
			isa = PBXGroup;
			children = (
				286AB6D7115C3CFA0087BA97 /* sc_icon.icns */,
				288692FA0FED553A002C6BF7 /* 7z.icns */,
				288692FB0FED553A002C6BF7 /* cbr.icns */,
				288692FC0FED553A002C6BF7 /* cbz.icns */,
				288692FD0FED553A002C6BF7 /* lzh.icns */,
				288692FE0FED553A002C6BF7 /* rar.icns */,
				288693000FED553A002C6BF7 /* zip.icns */,
			);
			path = icons;
			sourceTree = "<group>";
		};
		288693080FED554E002C6BF7 /* images */ = {
			isa = PBXGroup;
			children = (
				286AB6691159838C0087BA97 /* quicklook.tiff */,
				28073DAF0FFB0EED00D2602B /* icon.tiff */,
				28073CAF0FF9956500D2602B /* extract.tiff */,
				2886930A0FED554E002C6BF7 /* Loupe.tiff */,
				2886930B0FED554E002C6BF7 /* Search.pdf */,
				2886930E0FED554E002C6BF7 /* equal.tiff */,
				2886930F0FED554E002C6BF7 /* fullscreen.tiff */,
				288693100FED554E002C6BF7 /* hor_scale.tiff */,
				2886931B0FED554E002C6BF7 /* win_scale.tiff */,
				288693130FED554E002C6BF7 /* org_size.tiff */,
				288693110FED554E002C6BF7 /* lr_order.tiff */,
				288693160FED554E002C6BF7 /* rl_order.tiff */,
				288693170FED554E002C6BF7 /* rotate_l.tiff */,
				288693180FED554E002C6BF7 /* rotate_r.tiff */,
				288693120FED554E002C6BF7 /* one_page.tiff */,
				2886931A0FED554E002C6BF7 /* two_page.tiff */,
				288693190FED554E002C6BF7 /* thumbnails.tiff */,
			);
			path = images;
			sourceTree = "<group>";
		};
		288C0C420DCDAB7200EAFF46 /* Thumbnail View */ = {
			isa = PBXGroup;
			children = (
				5261191524279D1000958E3F /* ThumbnailView.swift */,
			);
			name = "Thumbnail View";
			sourceTree = "<group>";
		};
		289CD7620BF15CCC00B5AE01 /* Progress Bar */ = {
			isa = PBXGroup;
			children = (
				5261190F2427438F00958E3F /* ImageView.swift */,
				52611911242759FA00958E3F /* InfoWindow.swift */,
				526119132427756400958E3F /* PolishedProgressBar.swift */,
				5271A80B2447390000395F0F /* ThumbnailPopup.swift */,
			);
			name = "Progress Bar";
			sourceTree = "<group>";
		};
		28FA4DD50B8A6F3B00496668 /* Managed Objects */ = {
			isa = PBXGroup;
			children = (
				52611940242A406500958E3F /* Session+CoreDataClass.swift */,
				52611941242A406500958E3F /* Session+CoreDataProperties.swift */,
				52611938242911BC00958E3F /* Archive+CoreDataClass.swift */,
				52611939242911BC00958E3F /* Archive+CoreDataProperties.swift */,
				5261193A242911BC00958E3F /* PDF+CoreDataClass.swift */,
				5261193B242911BC00958E3F /* PDF+CoreDataProperties.swift */,
				5261192E2428CC8600958E3F /* ImageGroup+CoreDataClass.swift */,
				5261192F2428CC8600958E3F /* ImageGroup+CoreDataProperties.swift */,
				526119282427DFB800958E3F /* Image+CoreDataClass.swift */,
				526119292427DFB800958E3F /* Image+CoreDataProperties.swift */,
			);
			path = "Managed Objects";
			sourceTree = "<group>";
		};
		29B97314FDCFA39411CA2CEA /* MetaComic */ = {
			isa = PBXGroup;
			children = (
				7756732906782D8800D1FEB8 /* Models */,
				080E96DDFE201D6D7F000001 /* Classes */,
				28073DE20FFC2F8B00D2602B /* QuickComic.xcodeproj */,
				29B97315FDCFA39411CA2CEA /* Other Sources */,
				29B97317FDCFA39411CA2CEA /* Resources */,
				29B97323FDCFA39411CA2CEA /* Frameworks */,
				19C28FACFE9D520D11CA2CBB /* Products */,
			);
			name = MetaComic;
			sourceTree = "<group>";
		};
		29B97315FDCFA39411CA2CEA /* Other Sources */ = {
			isa = PBXGroup;
			children = (
				32CA4F630368D1EE00C91783 /* SimpleComic_Prefix.pch */,
				29B97316FDCFA39411CA2CEA /* main.m */,
			);
			name = "Other Sources";
			sourceTree = "<group>";
		};
		29B97317FDCFA39411CA2CEA /* Resources */ = {
			isa = PBXGroup;
			children = (
				B75D0BBB1E4C1AD900BEAAAF /* images.xcassets */,
				28A266081285C34300ED6391 /* Preferences.xib */,
				28A2660C1285C35700ED6391 /* MainMenu.xib */,
				28A266141285C3A700ED6391 /* TSSTSessionWindow.xib */,
				28F6603B1067255600EC8A34 /* Help */,
				288693080FED554E002C6BF7 /* images */,
				288692F90FED553A002C6BF7 /* icons */,
				2851C59F0FC8651C002927E0 /* dsa_pub.pem */,
				28195B410C166DF5001F5E95 /* Info.plist */,
				281314810C0A7E4900EC007B /* InfoPlist.strings */,
				2813145C0C0A7D7900EC007B /* Localizable.strings */,
				281314590C0A7D5200EC007B /* Credits.rtf */,
			);
			name = Resources;
			sourceTree = "<group>";
		};
		29B97323FDCFA39411CA2CEA /* Frameworks */ = {
			isa = PBXGroup;
			children = (
				1058C7A0FEA54F0111CA2CBB /* Linked Frameworks */,
				1058C7A2FEA54F0111CA2CBB /* Other Frameworks */,
			);
			name = Frameworks;
			sourceTree = "<group>";
		};
		7756732906782D8800D1FEB8 /* Models */ = {
			isa = PBXGroup;
			children = (
				287D0C0310F058BB00207768 /* Sessions_DataModel.xcdatamodeld */,
			);
			name = Models;
			sourceTree = "<group>";
		};
		FAA1C3E808BAB158006F7EC4 /* Session */ = {
			isa = PBXGroup;
			children = (
				523B8EB7243CC9AC002E9138 /* ImagePack.swift */,
				52611944242A434200958E3F /* NSWindow+SimpleComic.swift */,
				52611948242A48A900958E3F /* PageView.swift */,
				5207FA702430E5E600FB5D4B /* SessionWindowController.swift */,
				529C1B932441BA5C00574BC0 /* SessionWindowController+SimpleComicAction.swift */,
				52611946242A44CF00958E3F /* ToolbarItem.swift */,
			);
			name = Session;
			sourceTree = "<group>";
		};
/* End PBXGroup section */

/* Begin PBXNativeTarget section */
		8D1107260486CEB800E47090 /* Simple Comic */ = {
			isa = PBXNativeTarget;
			buildConfigurationList = FA7257E208A6CDEB006A2A19 /* Build configuration list for PBXNativeTarget "Simple Comic" */;
			buildPhases = (
				8D11072C0486CEB800E47090 /* Sources */,
				8D11072E0486CEB800E47090 /* Frameworks */,
				280B6BBA0A1BB34600EE91B0 /* CopyFiles */,
				8D1107290486CEB800E47090 /* Resources */,
				28073E0A0FFC305400D2602B /* Copy Quicklook plugin */,
				28FD56E41224663D006AEB0F /* CopyFiles */,
			);
			buildRules = (
			);
			dependencies = (
				283637F3100A9C16004D9131 /* PBXTargetDependency */,
			);
			name = "Simple Comic";
			productInstallPath = "$(HOME)/Applications";
			productName = MetaComic;
			productReference = 8D1107320486CEB800E47090 /* Simple Comic.app */;
			productType = "com.apple.product-type.application";
		};
/* End PBXNativeTarget section */

/* Begin PBXProject section */
		29B97313FDCFA39411CA2CEA /* Project object */ = {
			isa = PBXProject;
			attributes = {
				LastUpgradeCheck = 1130;
				TargetAttributes = {
					8D1107260486CEB800E47090 = {
						LastSwiftMigration = 1130;
					};
				};
			};
			buildConfigurationList = FA7257E608A6CDEB006A2A19 /* Build configuration list for PBXProject "SimpleComic" */;
			compatibilityVersion = "Xcode 3.2";
			developmentRegion = en;
			hasScannedForEncodings = 1;
			knownRegions = (
				zh_TW,
				ko,
				fr,
				en,
				it,
				de,
				pt,
				ja,
				Base,
			);
			mainGroup = 29B97314FDCFA39411CA2CEA /* MetaComic */;
			projectDirPath = "";
			projectReferences = (
				{
					ProductGroup = 28073E2B0FFC327700D2602B /* Products */;
					ProjectRef = 28073DE20FFC2F8B00D2602B /* QuickComic.xcodeproj */;
				},
			);
			projectRoot = "";
			targets = (
				8D1107260486CEB800E47090 /* Simple Comic */,
			);
		};
/* End PBXProject section */

/* Begin PBXReferenceProxy section */
		28073E2F0FFC327700D2602B /* QuickComic.qlgenerator */ = {
			isa = PBXReferenceProxy;
			fileType = wrapper.cfbundle;
			path = QuickComic.qlgenerator;
			remoteRef = 28073E2E0FFC327700D2602B /* PBXContainerItemProxy */;
			sourceTree = BUILT_PRODUCTS_DIR;
		};
/* End PBXReferenceProxy section */

/* Begin PBXResourcesBuildPhase section */
		8D1107290486CEB800E47090 /* Resources */ = {
			isa = PBXResourcesBuildPhase;
			buildActionMask = 2147483647;
			files = (
				2813145B0C0A7D5200EC007B /* Credits.rtf in Resources */,
				2813145E0C0A7D7900EC007B /* Localizable.strings in Resources */,
				281314830C0A7E4900EC007B /* InfoPlist.strings in Resources */,
				2851C5A00FC8651C002927E0 /* dsa_pub.pem in Resources */,
				288693010FED553A002C6BF7 /* 7z.icns in Resources */,
				288693020FED553A002C6BF7 /* cbr.icns in Resources */,
				288693030FED553A002C6BF7 /* cbz.icns in Resources */,
				288693040FED553A002C6BF7 /* lzh.icns in Resources */,
				288693050FED553A002C6BF7 /* rar.icns in Resources */,
				B75D0BBC1E4C1AD900BEAAAF /* images.xcassets in Resources */,
				288693070FED553A002C6BF7 /* zip.icns in Resources */,
				2886931D0FED554E002C6BF7 /* Loupe.tiff in Resources */,
				288693210FED554E002C6BF7 /* equal.tiff in Resources */,
				288693230FED554E002C6BF7 /* hor_scale.tiff in Resources */,
				288693240FED554E002C6BF7 /* lr_order.tiff in Resources */,
				288693250FED554E002C6BF7 /* one_page.tiff in Resources */,
				288693260FED554E002C6BF7 /* org_size.tiff in Resources */,
				288693290FED554E002C6BF7 /* rl_order.tiff in Resources */,
				2886932A0FED554E002C6BF7 /* rotate_l.tiff in Resources */,
				2886932B0FED554E002C6BF7 /* rotate_r.tiff in Resources */,
				2886932C0FED554E002C6BF7 /* thumbnails.tiff in Resources */,
				2886932D0FED554E002C6BF7 /* two_page.tiff in Resources */,
				2886932E0FED554E002C6BF7 /* win_scale.tiff in Resources */,
				28073CB00FF9956600D2602B /* extract.tiff in Resources */,
				28F660461067255600EC8A34 /* Help in Resources */,
				286AB66A1159838C0087BA97 /* quicklook.tiff in Resources */,
				286AB6D8115C3CFA0087BA97 /* sc_icon.icns in Resources */,
				28A2660A1285C34300ED6391 /* Preferences.xib in Resources */,
				28A2660E1285C35700ED6391 /* MainMenu.xib in Resources */,
				28A266161285C3A700ED6391 /* TSSTSessionWindow.xib in Resources */,
			);
			runOnlyForDeploymentPostprocessing = 0;
		};
/* End PBXResourcesBuildPhase section */

/* Begin PBXSourcesBuildPhase section */
		8D11072C0486CEB800E47090 /* Sources */ = {
			isa = PBXSourcesBuildPhase;
			buildActionMask = 2147483647;
			files = (
				8D11072D0486CEB800E47090 /* main.m in Sources */,
				526119312428CC8600958E3F /* ImageGroup+CoreDataProperties.swift in Sources */,
				5207FA712430E5E600FB5D4B /* SessionWindowController.swift in Sources */,
				52611912242759FA00958E3F /* InfoWindow.swift in Sources */,
				5261193D242911BC00958E3F /* Archive+CoreDataProperties.swift in Sources */,
				52611943242A406500958E3F /* Session+CoreDataProperties.swift in Sources */,
				52F52C77242E4C080020D911 /* Configuration.swift in Sources */,
				523B8EC0243F8C55002E9138 /* OrthogonalRotation.swift in Sources */,
				52611949242A48A900958E3F /* PageView.swift in Sources */,
				5261192A2427DFB800958E3F /* Image+CoreDataClass.swift in Sources */,
				529C1B942441BA5C00574BC0 /* SessionWindowController+SimpleComicAction.swift in Sources */,
				52611945242A434200958E3F /* NSWindow+SimpleComic.swift in Sources */,
				526119102427438F00958E3F /* ImageView.swift in Sources */,
				5261192B2427DFB800958E3F /* Image+CoreDataProperties.swift in Sources */,
				5261191624279D1000958E3F /* ThumbnailView.swift in Sources */,
				523B8EBA243E0551002E9138 /* CancellableBlockOperation.swift in Sources */,
				52611947242A44CF00958E3F /* ToolbarItem.swift in Sources */,
				523B8EBE243F8C2A002E9138 /* Orientation.swift in Sources */,
				529C1B8C2440A4B400574BC0 /* BezelWindow.swift in Sources */,
				529C1B922441829200574BC0 /* ColorTransformer.swift in Sources */,
				5207FA762434CD9600FB5D4B /* UserDefaults+SimpleComic.swift in Sources */,
				52F52C79242E5F270020D911 /* SimpleComicAppDelegate.swift in Sources */,
				5261193C242911BC00958E3F /* Archive+CoreDataClass.swift in Sources */,
				529C1B8E2440A6CD00574BC0 /* KeyWindow.swift in Sources */,
				523B8EB8243CC9AC002E9138 /* ImagePack.swift in Sources */,
				52B4DD1A242BCA1D00B94227 /* Comparable+SimpleComic.swift in Sources */,
				5261193F242911BC00958E3F /* PDF+CoreDataProperties.swift in Sources */,
				5207FA74243378C800FB5D4B /* CGSize+SimpleComic.swift in Sources */,
				526119142427756400958E3F /* PolishedProgressBar.swift in Sources */,
				526119302428CC8600958E3F /* ImageGroup+CoreDataClass.swift in Sources */,
				287D0C1210F0595900207768 /* Sessions_DataModel.xcdatamodel in Sources */,
				5261193E242911BC00958E3F /* PDF+CoreDataClass.swift in Sources */,
				523B8EBC243E3B41002E9138 /* CGRect+SimpleComic.swift in Sources */,
				5271A80C2447390000395F0F /* ThumbnailPopup.swift in Sources */,
				5271A80F2448AB2D00395F0F /* CGVector+SimpleComic.swift in Sources */,
				52611942242A406500958E3F /* Session+CoreDataClass.swift in Sources */,
			);
			runOnlyForDeploymentPostprocessing = 0;
		};
/* End PBXSourcesBuildPhase section */

/* Begin PBXTargetDependency section */
		283637F3100A9C16004D9131 /* PBXTargetDependency */ = {
			isa = PBXTargetDependency;
			name = QuickComic;
			targetProxy = 283637F2100A9C16004D9131 /* PBXContainerItemProxy */;
		};
/* End PBXTargetDependency section */

/* Begin PBXVariantGroup section */
		281314590C0A7D5200EC007B /* Credits.rtf */ = {
			isa = PBXVariantGroup;
			children = (
				526119052427247D00958E3F /* en */,
			);
			name = Credits.rtf;
			sourceTree = "<group>";
		};
		2813145C0C0A7D7900EC007B /* Localizable.strings */ = {
			isa = PBXVariantGroup;
			children = (
				526119082427247D00958E3F /* en */,
			);
			name = Localizable.strings;
			sourceTree = "<group>";
		};
		281314810C0A7E4900EC007B /* InfoPlist.strings */ = {
			isa = PBXVariantGroup;
			children = (
				526119072427247D00958E3F /* en */,
			);
			name = InfoPlist.strings;
			sourceTree = "<group>";
		};
		28A266081285C34300ED6391 /* Preferences.xib */ = {
			isa = PBXVariantGroup;
			children = (
				5261190C2427248F00958E3F /* Base */,
			);
			name = Preferences.xib;
			sourceTree = "<group>";
		};
		28A2660C1285C35700ED6391 /* MainMenu.xib */ = {
			isa = PBXVariantGroup;
			children = (
				5261190D2427248F00958E3F /* Base */,
			);
			name = MainMenu.xib;
			sourceTree = "<group>";
		};
		28A266141285C3A700ED6391 /* TSSTSessionWindow.xib */ = {
			isa = PBXVariantGroup;
			children = (
				5261190E2427248F00958E3F /* Base */,
			);
			name = TSSTSessionWindow.xib;
			sourceTree = "<group>";
		};
		28F6603B1067255600EC8A34 /* Help */ = {
			isa = PBXVariantGroup;
			children = (
				526119062427247D00958E3F /* en */,
			);
			name = Help;
			sourceTree = "<group>";
		};
/* End PBXVariantGroup section */

/* Begin XCBuildConfiguration section */
		FA7257E308A6CDEB006A2A19 /* Debug */ = {
			isa = XCBuildConfiguration;
			buildSettings = {
				CLANG_ENABLE_MODULES = YES;
				CLANG_ENABLE_OBJC_WEAK = YES;
				CODE_SIGN_IDENTITY = "-";
				COMBINE_HIDPI_IMAGES = YES;
				COPY_PHASE_STRIP = NO;
				DEFINES_MODULE = YES;
				FRAMEWORK_SEARCH_PATHS = "$(SRCROOT)/Frameworks";
				GCC_DYNAMIC_NO_PIC = NO;
				GCC_ENABLE_OBJC_EXCEPTIONS = YES;
				GCC_GENERATE_DEBUGGING_SYMBOLS = YES;
				GCC_MODEL_TUNING = G4;
				GCC_PRECOMPILE_PREFIX_HEADER = YES;
				GCC_PREFIX_HEADER = SimpleComic_Prefix.pch;
				GCC_WARN_ABOUT_RETURN_TYPE = YES;
				GCC_WARN_MISSING_PARENTHESES = NO;
				GCC_WARN_UNUSED_VARIABLE = YES;
				HEADER_SEARCH_PATHS = "";
				INFOPLIST_FILE = Info.plist;
				LD_RUNPATH_SEARCH_PATHS = "@loader_path/../Frameworks";
				LIBRARY_SEARCH_PATHS = "$(SRCROOT)";
				MACOSX_DEPLOYMENT_TARGET = 10.15;
				OTHER_LDFLAGS = "";
				OTHER_SWIFT_FLAGS = "-Xfrontend -warn-long-function-bodies=1000";
				PRODUCT_BUNDLE_IDENTIFIER = com.tsst.simplecomic;
				PRODUCT_NAME = "Simple Comic";
				SDKROOT = macosx;
				SWIFT_OBJC_BRIDGING_HEADER = "Simple Comic-Bridging-Header.h";
				SWIFT_OPTIMIZATION_LEVEL = "-Onone";
				SWIFT_VERSION = 5.0;
				WRAPPER_EXTENSION = app;
				ZERO_LINK = NO;
			};
			name = Debug;
		};
		FA7257E408A6CDEB006A2A19 /* Release */ = {
			isa = XCBuildConfiguration;
			buildSettings = {
				CLANG_ENABLE_MODULES = YES;
				CLANG_ENABLE_OBJC_WEAK = YES;
				CODE_SIGN_IDENTITY = "-";
				COMBINE_HIDPI_IMAGES = YES;
				COPY_PHASE_STRIP = YES;
				DEAD_CODE_STRIPPING = YES;
				DEFINES_MODULE = YES;
				FRAMEWORK_SEARCH_PATHS = "$(SRCROOT)/Frameworks";
				GCC_ENABLE_OBJC_EXCEPTIONS = YES;
				GCC_ENABLE_PASCAL_STRINGS = NO;
				GCC_ENABLE_SSE3_EXTENSIONS = YES;
				GCC_ENABLE_SUPPLEMENTAL_SSE3_INSTRUCTIONS = YES;
				GCC_GENERATE_DEBUGGING_SYMBOLS = NO;
				GCC_PRECOMPILE_PREFIX_HEADER = YES;
				GCC_PREFIX_HEADER = SimpleComic_Prefix.pch;
				GCC_THREADSAFE_STATICS = YES;
				GCC_WARN_UNUSED_FUNCTION = YES;
				GCC_WARN_UNUSED_VARIABLE = YES;
				HEADER_SEARCH_PATHS = "";
				INFOPLIST_FILE = Info.plist;
				LD_RUNPATH_SEARCH_PATHS = "@loader_path/../Frameworks";
				LIBRARY_SEARCH_PATHS = "$(SRCROOT)";
				MACOSX_DEPLOYMENT_TARGET = 10.15;
				OTHER_CFLAGS = "-mdynamic-no-pic";
				OTHER_SWIFT_FLAGS = "-Xfrontend -warn-long-function-bodies=1000";
				PRODUCT_BUNDLE_IDENTIFIER = com.tsst.simplecomic;
				PRODUCT_NAME = "Simple Comic";
				SDKROOT = macosx;
				STRIP_INSTALLED_PRODUCT = YES;
				SWIFT_OBJC_BRIDGING_HEADER = "Simple Comic-Bridging-Header.h";
				SWIFT_VERSION = 5.0;
				WRAPPER_EXTENSION = app;
			};
			name = Release;
		};
		FA7257E508A6CDEB006A2A19 /* Default */ = {
			isa = XCBuildConfiguration;
			buildSettings = {
				CLANG_ENABLE_MODULES = YES;
				CLANG_ENABLE_OBJC_WEAK = YES;
				CODE_SIGN_IDENTITY = "-";
				COMBINE_HIDPI_IMAGES = YES;
				DEFINES_MODULE = YES;
				FRAMEWORK_SEARCH_PATHS = "$(SRCROOT)/Frameworks";
				GCC_AUTO_VECTORIZATION = YES;
				GCC_ENABLE_OBJC_EXCEPTIONS = YES;
				GCC_GENERATE_DEBUGGING_SYMBOLS = NO;
				GCC_MODEL_TUNING = G4;
				GCC_PRECOMPILE_PREFIX_HEADER = YES;
				GCC_PREFIX_HEADER = SimpleComic_Prefix.pch;
				GCC_UNROLL_LOOPS = YES;
				GCC_WARN_ABOUT_RETURN_TYPE = YES;
				GCC_WARN_MISSING_PARENTHESES = NO;
				GCC_WARN_UNUSED_VARIABLE = YES;
				HEADER_SEARCH_PATHS = "";
				INFOPLIST_FILE = Info.plist;
				LD_RUNPATH_SEARCH_PATHS = "@loader_path/../Frameworks";
				LIBRARY_SEARCH_PATHS = "$(SRCROOT)";
				MACOSX_DEPLOYMENT_TARGET = 10.15;
				OTHER_LDFLAGS = (
					"-lz",
					"-lstdc++",
				);
				OTHER_SWIFT_FLAGS = "-Xfrontend -warn-long-function-bodies=1000";
				PRODUCT_BUNDLE_IDENTIFIER = com.tsst.simplecomic;
				PRODUCT_NAME = "Simple Comic";
				SDKROOT = macosx;
				SWIFT_OBJC_BRIDGING_HEADER = "Simple Comic-Bridging-Header.h";
				SWIFT_VERSION = 5.0;
				WRAPPER_EXTENSION = app;
			};
			name = Default;
		};
		FA7257E708A6CDEB006A2A19 /* Debug */ = {
			isa = XCBuildConfiguration;
			buildSettings = {
				CLANG_ANALYZER_LOCALIZABILITY_NONLOCALIZED = YES;
				CLANG_WARN_BLOCK_CAPTURE_AUTORELEASING = YES;
				CLANG_WARN_BOOL_CONVERSION = YES;
				CLANG_WARN_COMMA = YES;
				CLANG_WARN_CONSTANT_CONVERSION = YES;
				CLANG_WARN_DEPRECATED_OBJC_IMPLEMENTATIONS = YES;
				CLANG_WARN_EMPTY_BODY = YES;
				CLANG_WARN_ENUM_CONVERSION = YES;
				CLANG_WARN_INFINITE_RECURSION = YES;
				CLANG_WARN_INT_CONVERSION = YES;
				CLANG_WARN_NON_LITERAL_NULL_CONVERSION = YES;
				CLANG_WARN_OBJC_IMPLICIT_RETAIN_SELF = YES;
				CLANG_WARN_OBJC_LITERAL_CONVERSION = YES;
				CLANG_WARN_RANGE_LOOP_ANALYSIS = YES;
				CLANG_WARN_STRICT_PROTOTYPES = YES;
				CLANG_WARN_SUSPICIOUS_MOVE = YES;
				CLANG_WARN_UNREACHABLE_CODE = YES;
				CLANG_WARN__DUPLICATE_METHOD_MATCH = YES;
				DEFINES_MODULE = YES;
				ENABLE_STRICT_OBJC_MSGSEND = YES;
				ENABLE_TESTABILITY = YES;
				GCC_NO_COMMON_BLOCKS = YES;
				GCC_OPTIMIZATION_LEVEL = 0;
				GCC_PREFIX_HEADER = "";
				GCC_WARN_64_TO_32_BIT_CONVERSION = YES;
				GCC_WARN_ABOUT_RETURN_TYPE = YES;
				GCC_WARN_UNDECLARED_SELECTOR = YES;
				GCC_WARN_UNINITIALIZED_AUTOS = YES;
				GCC_WARN_UNUSED_FUNCTION = YES;
				GCC_WARN_UNUSED_VARIABLE = YES;
				MACOSX_DEPLOYMENT_TARGET = 10.10;
				ONLY_ACTIVE_ARCH = YES;
				SDKROOT = macosx;
				SWIFT_ACTIVE_COMPILATION_CONDITIONS = BUILD_DEBUG;
			};
			name = Debug;
		};
		FA7257E808A6CDEB006A2A19 /* Release */ = {
			isa = XCBuildConfiguration;
			buildSettings = {
				CLANG_ANALYZER_LOCALIZABILITY_NONLOCALIZED = YES;
				CLANG_WARN_BLOCK_CAPTURE_AUTORELEASING = YES;
				CLANG_WARN_BOOL_CONVERSION = YES;
				CLANG_WARN_COMMA = YES;
				CLANG_WARN_CONSTANT_CONVERSION = YES;
				CLANG_WARN_DEPRECATED_OBJC_IMPLEMENTATIONS = YES;
				CLANG_WARN_EMPTY_BODY = YES;
				CLANG_WARN_ENUM_CONVERSION = YES;
				CLANG_WARN_INFINITE_RECURSION = YES;
				CLANG_WARN_INT_CONVERSION = YES;
				CLANG_WARN_NON_LITERAL_NULL_CONVERSION = YES;
				CLANG_WARN_OBJC_IMPLICIT_RETAIN_SELF = YES;
				CLANG_WARN_OBJC_LITERAL_CONVERSION = YES;
				CLANG_WARN_RANGE_LOOP_ANALYSIS = YES;
				CLANG_WARN_STRICT_PROTOTYPES = YES;
				CLANG_WARN_SUSPICIOUS_MOVE = YES;
				CLANG_WARN_UNREACHABLE_CODE = YES;
				CLANG_WARN__DUPLICATE_METHOD_MATCH = YES;
				DEFINES_MODULE = YES;
				ENABLE_STRICT_OBJC_MSGSEND = YES;
				GCC_NO_COMMON_BLOCKS = YES;
				GCC_PREFIX_HEADER = "";
				GCC_WARN_64_TO_32_BIT_CONVERSION = YES;
				GCC_WARN_ABOUT_RETURN_TYPE = YES;
				GCC_WARN_UNDECLARED_SELECTOR = YES;
				GCC_WARN_UNINITIALIZED_AUTOS = YES;
				GCC_WARN_UNUSED_FUNCTION = YES;
				GCC_WARN_UNUSED_VARIABLE = YES;
				MACOSX_DEPLOYMENT_TARGET = 10.10;
				SDKROOT = macosx;
				SWIFT_ACTIVE_COMPILATION_CONDITIONS = BUILD_RELEASE;
			};
			name = Release;
		};
		FA7257E908A6CDEB006A2A19 /* Default */ = {
			isa = XCBuildConfiguration;
			buildSettings = {
				CLANG_ANALYZER_LOCALIZABILITY_NONLOCALIZED = YES;
				CLANG_WARN_BLOCK_CAPTURE_AUTORELEASING = YES;
				CLANG_WARN_BOOL_CONVERSION = YES;
				CLANG_WARN_COMMA = YES;
				CLANG_WARN_CONSTANT_CONVERSION = YES;
				CLANG_WARN_DEPRECATED_OBJC_IMPLEMENTATIONS = YES;
				CLANG_WARN_EMPTY_BODY = YES;
				CLANG_WARN_ENUM_CONVERSION = YES;
				CLANG_WARN_INFINITE_RECURSION = YES;
				CLANG_WARN_INT_CONVERSION = YES;
				CLANG_WARN_NON_LITERAL_NULL_CONVERSION = YES;
				CLANG_WARN_OBJC_IMPLICIT_RETAIN_SELF = YES;
				CLANG_WARN_OBJC_LITERAL_CONVERSION = YES;
				CLANG_WARN_RANGE_LOOP_ANALYSIS = YES;
				CLANG_WARN_STRICT_PROTOTYPES = YES;
				CLANG_WARN_SUSPICIOUS_MOVE = YES;
				CLANG_WARN_UNREACHABLE_CODE = YES;
				CLANG_WARN__DUPLICATE_METHOD_MATCH = YES;
				DEFINES_MODULE = YES;
				ENABLE_STRICT_OBJC_MSGSEND = YES;
				GCC_NO_COMMON_BLOCKS = YES;
				GCC_PREFIX_HEADER = "";
				GCC_WARN_64_TO_32_BIT_CONVERSION = YES;
				GCC_WARN_ABOUT_RETURN_TYPE = YES;
				GCC_WARN_UNDECLARED_SELECTOR = YES;
				GCC_WARN_UNINITIALIZED_AUTOS = YES;
				GCC_WARN_UNUSED_FUNCTION = YES;
				GCC_WARN_UNUSED_VARIABLE = YES;
				MACOSX_DEPLOYMENT_TARGET = 10.10;
				SDKROOT = macosx;
				SWIFT_ACTIVE_COMPILATION_CONDITIONS = BUILD_DEFAULT;
			};
			name = Default;
		};
/* End XCBuildConfiguration section */

/* Begin XCConfigurationList section */
		FA7257E208A6CDEB006A2A19 /* Build configuration list for PBXNativeTarget "Simple Comic" */ = {
			isa = XCConfigurationList;
			buildConfigurations = (
				FA7257E308A6CDEB006A2A19 /* Debug */,
				FA7257E408A6CDEB006A2A19 /* Release */,
				FA7257E508A6CDEB006A2A19 /* Default */,
			);
			defaultConfigurationIsVisible = 0;
			defaultConfigurationName = Default;
		};
		FA7257E608A6CDEB006A2A19 /* Build configuration list for PBXProject "SimpleComic" */ = {
			isa = XCConfigurationList;
			buildConfigurations = (
				FA7257E708A6CDEB006A2A19 /* Debug */,
				FA7257E808A6CDEB006A2A19 /* Release */,
				FA7257E908A6CDEB006A2A19 /* Default */,
			);
			defaultConfigurationIsVisible = 0;
			defaultConfigurationName = Default;
		};
/* End XCConfigurationList section */

/* Begin XCVersionGroup section */
		287D0C0310F058BB00207768 /* Sessions_DataModel.xcdatamodeld */ = {
			isa = XCVersionGroup;
			children = (
				770B37EC0679A11B001EADE2 /* Sessions_DataModel.xcdatamodel */,
			);
			currentVersion = 770B37EC0679A11B001EADE2 /* Sessions_DataModel.xcdatamodel */;
			path = Sessions_DataModel.xcdatamodeld;
			sourceTree = "<group>";
			versionGroupType = wrapper.xcdatamodel;
		};
/* End XCVersionGroup section */
	};
	rootObject = 29B97313FDCFA39411CA2CEA /* Project object */;
}
